{
  "name": "MaFormation",
  "lockfileVersion": 2,
  "requires": true,
  "packages": {
    "": {
      "dependencies": {
        "bootstrap-icons": "^1.10.2",
        "fullcalendar": "^5.11.3"
      }
    },
    "node_modules/bootstrap-icons": {
      "version": "1.10.2",
      "resolved": "https://registry.npmjs.org/bootstrap-icons/-/bootstrap-icons-1.10.2.tgz",
      "integrity": "sha512-PTPYadRn1AMGr+QTSxe4ZCc+Wzv9DGZxbi3lNse/dajqV31n2/wl/7NX78ZpkvFgRNmH4ogdIQPQmxAfhEV6nA=="
    },
    "node_modules/fullcalendar": {
      "version": "5.11.3",
      "resolved": "https://registry.npmjs.org/fullcalendar/-/fullcalendar-5.11.3.tgz",
      "integrity": "sha512-SgqiMEA+lWLyEd2jEwtIxdfx41j2CZr4KK00D2Gepj1MnGOjaEi13athnU6xvqMQXXjgJNj+vmlUP69QiuGncQ=="
    }
  },
  "dependencies": {
    "bootstrap-icons": {
      "version": "1.10.2",
      "resolved": "https://registry.npmjs.org/bootstrap-icons/-/bootstrap-icons-1.10.2.tgz",
      "integrity": "sha512-PTPYadRn1AMGr+QTSxe4ZCc+Wzv9DGZxbi3lNse/dajqV31n2/wl/7NX78ZpkvFgRNmH4ogdIQPQmxAfhEV6nA=="
    },
    "fullcalendar": {
      "version": "5.11.3",
      "resolved": "https://registry.npmjs.org/fullcalendar/-/fullcalendar-5.11.3.tgz",
      "integrity": "sha512-SgqiMEA+lWLyEd2jEwtIxdfx41j2CZr4KK00D2Gepj1MnGOjaEi13athnU6xvqMQXXjgJNj+vmlUP69QiuGncQ=="
    }
  }
}
